{
  "name": "dependabot-playground",
  "version": "1.0.0",
  "lockfileVersion": 1,
  "requires": true,
  "dependencies": {
    "@babel/runtime": {
      "version": "7.14.6",
      "resolved": "https://registry.npmjs.org/@babel/runtime/-/runtime-7.14.6.tgz",
      "integrity": "sha512-/PCB2uJ7oM44tz8YhC4Z/6PeOKXp4K588f+5M3clr1M4zbqztlo0XEfJ2LEzj/FgwfgGcIdl8n7YYjTCI0BYwg==",
      "requires": {
        "regenerator-runtime": "^0.13.4"
      }
    },
    "@juggle/resize-observer": {
      "version": "3.3.1",
      "resolved": "https://registry.npmjs.org/@juggle/resize-observer/-/resize-observer-3.3.1.tgz",
      "integrity": "sha512-zMM9Ds+SawiUkakS7y94Ymqx+S0ORzpG3frZirN3l+UlXUmSUR7hF4wxCVqW+ei94JzV5kt0uXBcoOEAuiydrw=="
    },
    "@material/animation": {
      "version": "11.0.0",
      "resolved": "https://registry.npmjs.org/@material/animation/-/animation-11.0.0.tgz",
      "integrity": "sha512-pAJRl0ySvfOzqyGUme27tPf1LbqrjSTK4g5kngpXOPAIQdYYx89QLAfcqHONSpvXO7/WP+Kc9zJ3WWxbUaG8Wg==",
      "requires": {
        "tslib": "^2.1.0"
      }
    },
    "@material/base": {
      "version": "11.0.0",
      "resolved": "https://registry.npmjs.org/@material/base/-/base-11.0.0.tgz",
      "integrity": "sha512-GTybYdiWBoEyYQ3he8cEeuXe5mPq2peFX41rBsMrs516TGDxrVJrEAKNedydhtpfRBsZRreTXMLZtbGrZzfIFQ==",
      "requires": {
        "tslib": "^2.1.0"
      }
    },
    "@material/button": {
      "version": "13.0.0",
      "resolved": "https://registry.npmjs.org/@material/button/-/button-13.0.0.tgz",
      "integrity": "sha512-lYorht6fcEd4P+dsLVp2BGtaY5cGYNp71LMajuDe71GZX3dZPoKeVvb+Ie1S7vcB+o+WLTeaisMk9/vA4gfi8A==",
      "requires": {
        "@material/density": "^13.0.0",
        "@material/dom": "^13.0.0",
        "@material/elevation": "^13.0.0",
        "@material/feature-targeting": "^13.0.0",
        "@material/ripple": "^13.0.0",
        "@material/rtl": "^13.0.0",
        "@material/shape": "^13.0.0",
        "@material/theme": "^13.0.0",
        "@material/tokens": "^13.0.0",
        "@material/touch-target": "^13.0.0",
        "@material/typography": "^13.0.0",
        "tslib": "^2.1.0"
      },
      "dependencies": {
        "@material/animation": {
          "version": "13.0.0",
          "resolved": "https://registry.npmjs.org/@material/animation/-/animation-13.0.0.tgz",
          "integrity": "sha512-YR0/u4u56qXDjKYolQ7F+IvlPkaSBhMl/dZv8DK0FbD6PH4ckOPd3bEXNRndXtprsxwknQQP2pttjPImylkl0g==",
          "requires": {
            "tslib": "^2.1.0"
          }
        },
        "@material/base": {
          "version": "13.0.0",
          "resolved": "https://registry.npmjs.org/@material/base/-/base-13.0.0.tgz",
          "integrity": "sha512-vFx0JryRfcvUNX3cZ2u32wUMvxzd+c/YW0LFOXNgqCDWlubHcMm0Y6Wz371LhfQo80/NE69u+/4Joo99yKnVeg==",
          "requires": {
            "tslib": "^2.1.0"
          }
        },
        "@material/dom": {
          "version": "13.0.0",
          "resolved": "https://registry.npmjs.org/@material/dom/-/dom-13.0.0.tgz",
          "integrity": "sha512-M9HLAYBZtkTUvf66FL+jAEvUOdhji1HkGA1mV6oyE+HY9gkCkmso+mngvzlLd5+uaAVE9I3WQFhSb9gp0cpXnw==",
          "requires": {
            "@material/feature-targeting": "^13.0.0",
            "tslib": "^2.1.0"
          }
        },
        "@material/feature-targeting": {
          "version": "13.0.0",
          "resolved": "https://registry.npmjs.org/@material/feature-targeting/-/feature-targeting-13.0.0.tgz",
          "integrity": "sha512-QJClfeaA4EMyAxKJy9WR0Nx+/VwSZCkhGLUVBG9NhxqYGfl/LtaeaidrNm32vYEoNZAofN92VD2RwQTRwp/dMQ==",
          "requires": {
            "tslib": "^2.1.0"
          }
        },
        "@material/ripple": {
          "version": "13.0.0",
          "resolved": "https://registry.npmjs.org/@material/ripple/-/ripple-13.0.0.tgz",
          "integrity": "sha512-hx4B40hB2rRfsGwf1jwo2GGlYDq0yUQjcMcMmXfQipPJNpQhy8ylmXKc1DBjmWf7EQ/MgbfCSYwPrYXrbGP31w==",
          "requires": {
            "@material/animation": "^13.0.0",
            "@material/base": "^13.0.0",
            "@material/dom": "^13.0.0",
            "@material/feature-targeting": "^13.0.0",
            "@material/rtl": "^13.0.0",
            "@material/theme": "^13.0.0",
            "tslib": "^2.1.0"
          }
        },
        "@material/theme": {
          "version": "13.0.0",
          "resolved": "https://registry.npmjs.org/@material/theme/-/theme-13.0.0.tgz",
          "integrity": "sha512-KAe1s0MvvfCGAwJliDVTvgAKuD3ESwhl7F7br4Iam4IPdqME2rWl8NPhKHFfaWqTG7PyCgMMngYEYuA8cLNTsA==",
          "requires": {
            "@material/feature-targeting": "^13.0.0",
            "tslib": "^2.1.0"
          }
        }
      }
    },
    "@material/density": {
      "version": "13.0.0",
      "resolved": "https://registry.npmjs.org/@material/density/-/density-13.0.0.tgz",
      "integrity": "sha512-ppJTzOsuhjQam5GvHaq/XZocZNUr+41XQ2sd5nONAmQ0wwzXgqG0FaxtF1EXqK3uZFadz+vAu6enagre9DXhTA==",
      "requires": {
        "tslib": "^2.1.0"
      }
    },
    "@material/dom": {
      "version": "11.0.0",
      "resolved": "https://registry.npmjs.org/@material/dom/-/dom-11.0.0.tgz",
      "integrity": "sha512-LZdg6VmYnMXc/Ct/GdQ22o4m3UgjhZYQIrwu9Iebqchx0Vd2OTmcFN5nArHSCSgUEhpjpPlkbZmjOpeOAwiKZg==",
      "requires": {
        "@material/feature-targeting": "^11.0.0",
        "tslib": "^2.1.0"
      }
    },
    "@material/elevation": {
      "version": "13.0.0",
      "resolved": "https://registry.npmjs.org/@material/elevation/-/elevation-13.0.0.tgz",
      "integrity": "sha512-hzdblgamVRbC0UwKafcvUVDvKzMiOSveDiwGgFk+EAg/tZRdwMlQPyf/9I6Lr8Cw/pNGnEOPhmCDOYPOHimr0w==",
      "requires": {
        "@material/animation": "^13.0.0",
        "@material/base": "^13.0.0",
        "@material/feature-targeting": "^13.0.0",
        "@material/rtl": "^13.0.0",
        "@material/theme": "^13.0.0",
        "tslib": "^2.1.0"
      },
      "dependencies": {
        "@material/animation": {
          "version": "13.0.0",
          "resolved": "https://registry.npmjs.org/@material/animation/-/animation-13.0.0.tgz",
          "integrity": "sha512-YR0/u4u56qXDjKYolQ7F+IvlPkaSBhMl/dZv8DK0FbD6PH4ckOPd3bEXNRndXtprsxwknQQP2pttjPImylkl0g==",
          "requires": {
            "tslib": "^2.1.0"
          }
        },
        "@material/base": {
          "version": "13.0.0",
          "resolved": "https://registry.npmjs.org/@material/base/-/base-13.0.0.tgz",
          "integrity": "sha512-vFx0JryRfcvUNX3cZ2u32wUMvxzd+c/YW0LFOXNgqCDWlubHcMm0Y6Wz371LhfQo80/NE69u+/4Joo99yKnVeg==",
          "requires": {
            "tslib": "^2.1.0"
          }
        },
        "@material/feature-targeting": {
          "version": "13.0.0",
          "resolved": "https://registry.npmjs.org/@material/feature-targeting/-/feature-targeting-13.0.0.tgz",
          "integrity": "sha512-QJClfeaA4EMyAxKJy9WR0Nx+/VwSZCkhGLUVBG9NhxqYGfl/LtaeaidrNm32vYEoNZAofN92VD2RwQTRwp/dMQ==",
          "requires": {
            "tslib": "^2.1.0"
          }
        },
        "@material/theme": {
          "version": "13.0.0",
          "resolved": "https://registry.npmjs.org/@material/theme/-/theme-13.0.0.tgz",
          "integrity": "sha512-KAe1s0MvvfCGAwJliDVTvgAKuD3ESwhl7F7br4Iam4IPdqME2rWl8NPhKHFfaWqTG7PyCgMMngYEYuA8cLNTsA==",
          "requires": {
            "@material/feature-targeting": "^13.0.0",
            "tslib": "^2.1.0"
          }
        }
      }
    },
    "@material/feature-targeting": {
      "version": "11.0.0",
      "resolved": "https://registry.npmjs.org/@material/feature-targeting/-/feature-targeting-11.0.0.tgz",
      "integrity": "sha512-7/jdaHm7C16Eq02tDQ1iI+giWKgk+QRNWFrmGKzHfXbU604XwY/eSLSiVS8QI01vx9QZ0aO9K84m0yhQQNQQtg==",
      "requires": {
        "tslib": "^2.1.0"
      }
    },
    "@material/ripple": {
      "version": "11.0.0",
      "resolved": "https://registry.npmjs.org/@material/ripple/-/ripple-11.0.0.tgz",
      "integrity": "sha512-672zAsYaL8aS861VgfEPL4sFMkFe0psiSc+4DfUTq7Nanl4e1gcarzzHZAn5IExUNk3/5QybDiXV+dbaL/0NjQ==",
      "requires": {
        "@material/animation": "^11.0.0",
        "@material/base": "^11.0.0",
        "@material/dom": "^11.0.0",
        "@material/feature-targeting": "^11.0.0",
        "@material/theme": "^11.0.0",
        "tslib": "^2.1.0"
      }
    },
    "@material/rtl": {
      "version": "13.0.0",
      "resolved": "https://registry.npmjs.org/@material/rtl/-/rtl-13.0.0.tgz",
      "integrity": "sha512-nFGy3iQg7k+xLs67eb86mRFVLwa0yi7MusqRK4OM8DXcLO5yoVfUTPKpdSykcbRryp9imVHsxutox2tZawR4og==",
      "requires": {
        "@material/theme": "^13.0.0",
        "tslib": "^2.1.0"
      },
      "dependencies": {
        "@material/feature-targeting": {
          "version": "13.0.0",
          "resolved": "https://registry.npmjs.org/@material/feature-targeting/-/feature-targeting-13.0.0.tgz",
          "integrity": "sha512-QJClfeaA4EMyAxKJy9WR0Nx+/VwSZCkhGLUVBG9NhxqYGfl/LtaeaidrNm32vYEoNZAofN92VD2RwQTRwp/dMQ==",
          "requires": {
            "tslib": "^2.1.0"
          }
        },
        "@material/theme": {
          "version": "13.0.0",
          "resolved": "https://registry.npmjs.org/@material/theme/-/theme-13.0.0.tgz",
          "integrity": "sha512-KAe1s0MvvfCGAwJliDVTvgAKuD3ESwhl7F7br4Iam4IPdqME2rWl8NPhKHFfaWqTG7PyCgMMngYEYuA8cLNTsA==",
          "requires": {
            "@material/feature-targeting": "^13.0.0",
            "tslib": "^2.1.0"
          }
        }
      }
    },
    "@material/shape": {
      "version": "13.0.0",
      "resolved": "https://registry.npmjs.org/@material/shape/-/shape-13.0.0.tgz",
      "integrity": "sha512-exk96+iCjzCujk3aSrvIMhmW773s1Tc0h+MbQKbt6Iv3nHJCyLSiRbxclCHXWHrVwG/9KZRkrt/g2qk7P3VRBg==",
      "requires": {
        "@material/feature-targeting": "^13.0.0",
        "@material/rtl": "^13.0.0",
        "@material/theme": "^13.0.0",
        "tslib": "^2.1.0"
      },
      "dependencies": {
        "@material/feature-targeting": {
          "version": "13.0.0",
          "resolved": "https://registry.npmjs.org/@material/feature-targeting/-/feature-targeting-13.0.0.tgz",
          "integrity": "sha512-QJClfeaA4EMyAxKJy9WR0Nx+/VwSZCkhGLUVBG9NhxqYGfl/LtaeaidrNm32vYEoNZAofN92VD2RwQTRwp/dMQ==",
          "requires": {
            "tslib": "^2.1.0"
          }
        },
        "@material/theme": {
          "version": "13.0.0",
          "resolved": "https://registry.npmjs.org/@material/theme/-/theme-13.0.0.tgz",
          "integrity": "sha512-KAe1s0MvvfCGAwJliDVTvgAKuD3ESwhl7F7br4Iam4IPdqME2rWl8NPhKHFfaWqTG7PyCgMMngYEYuA8cLNTsA==",
          "requires": {
            "@material/feature-targeting": "^13.0.0",
            "tslib": "^2.1.0"
          }
        }
      }
    },
    "@material/theme": {
      "version": "11.0.0",
      "resolved": "https://registry.npmjs.org/@material/theme/-/theme-11.0.0.tgz",
      "integrity": "sha512-GnQI8sd2wHFD3AvmhpyRaH5o9D5Shobs1xDH4FdRU9+c+FNNqouZMDzyM6UpCX4700DzqvE7l0/1LjzB7ve7Lg==",
      "requires": {
        "@material/feature-targeting": "^11.0.0",
        "tslib": "^2.1.0"
      }
    },
    "@material/tokens": {
      "version": "13.0.0",
      "resolved": "https://registry.npmjs.org/@material/tokens/-/tokens-13.0.0.tgz",
      "integrity": "sha512-t55CKVeAjABdSQCKjsvYvqrA6Z4f5varLpLloai8ZQU0giSl7qbUczV1i8y2pSOzpRTswD5JKM7a19qfsl/TCA==",
      "requires": {
        "@material/elevation": "^13.0.0"
      }
    },
    "@material/touch-target": {
      "version": "13.0.0",
      "resolved": "https://registry.npmjs.org/@material/touch-target/-/touch-target-13.0.0.tgz",
      "integrity": "sha512-2BMjj+nwKIYG7cZZGcNuRSKo53knqDu9ksv9wLidxjLgzqXBd1v9gdXsqMRQXepoOqftWGmYMaRYI0xMnxt6lA==",
      "requires": {
        "@material/base": "^13.0.0",
        "@material/feature-targeting": "^13.0.0",
        "@material/rtl": "^13.0.0",
        "tslib": "^2.1.0"
      },
      "dependencies": {
        "@material/base": {
          "version": "13.0.0",
          "resolved": "https://registry.npmjs.org/@material/base/-/base-13.0.0.tgz",
          "integrity": "sha512-vFx0JryRfcvUNX3cZ2u32wUMvxzd+c/YW0LFOXNgqCDWlubHcMm0Y6Wz371LhfQo80/NE69u+/4Joo99yKnVeg==",
          "requires": {
            "tslib": "^2.1.0"
          }
        },
        "@material/feature-targeting": {
          "version": "13.0.0",
          "resolved": "https://registry.npmjs.org/@material/feature-targeting/-/feature-targeting-13.0.0.tgz",
          "integrity": "sha512-QJClfeaA4EMyAxKJy9WR0Nx+/VwSZCkhGLUVBG9NhxqYGfl/LtaeaidrNm32vYEoNZAofN92VD2RwQTRwp/dMQ==",
          "requires": {
            "tslib": "^2.1.0"
          }
        }
      }
    },
    "@material/typography": {
      "version": "13.0.0",
      "resolved": "https://registry.npmjs.org/@material/typography/-/typography-13.0.0.tgz",
      "integrity": "sha512-UfaK4vT3LmGiiySf2RVIrf7fJZa6EJadFwo4YUMJx9bvUMRlBm1oI8Vo9fYpKdLfuSTeA+2BlgbwYVObj3laFw==",
      "requires": {
        "@material/feature-targeting": "^13.0.0",
        "@material/theme": "^13.0.0",
        "tslib": "^2.1.0"
      },
      "dependencies": {
        "@material/feature-targeting": {
          "version": "13.0.0",
          "resolved": "https://registry.npmjs.org/@material/feature-targeting/-/feature-targeting-13.0.0.tgz",
          "integrity": "sha512-QJClfeaA4EMyAxKJy9WR0Nx+/VwSZCkhGLUVBG9NhxqYGfl/LtaeaidrNm32vYEoNZAofN92VD2RwQTRwp/dMQ==",
          "requires": {
            "tslib": "^2.1.0"
          }
        },
        "@material/theme": {
          "version": "13.0.0",
          "resolved": "https://registry.npmjs.org/@material/theme/-/theme-13.0.0.tgz",
          "integrity": "sha512-KAe1s0MvvfCGAwJliDVTvgAKuD3ESwhl7F7br4Iam4IPdqME2rWl8NPhKHFfaWqTG7PyCgMMngYEYuA8cLNTsA==",
          "requires": {
            "@material/feature-targeting": "^13.0.0",
            "tslib": "^2.1.0"
          }
        }
      }
    },
    "@react-md/button": {
      "version": "2.8.5",
      "resolved": "https://registry.npmjs.org/@react-md/button/-/button-2.8.5.tgz",
      "integrity": "sha512-t+Ah6tvNbLAz9awD3F9+0CrY9ekw4+HM0uNEq+HaMYKkzeiEF7X9YDdp8AKj9tP6mW+P1e7SyNEmn1AwR3jxuA==",
      "requires": {
        "@react-md/elevation": "^2.8.5",
        "@react-md/icon": "^2.8.4",
        "@react-md/states": "^2.8.5",
        "@react-md/theme": "^2.8.4",
        "@react-md/transition": "^2.8.5",
        "@react-md/typography": "^2.8.4",
        "@react-md/utils": "^2.8.4",
        "classnames": "^2.3.1",
        "prop-types": ">= 15.6"
      }
    },
    "@react-md/elevation": {
      "version": "2.8.5",
      "resolved": "https://registry.npmjs.org/@react-md/elevation/-/elevation-2.8.5.tgz",
      "integrity": "sha512-uL9MGNGOu+cWjkSG1jsXATPMGFg1rUGUkuwIR2t9vUMf2NIQB5LaFYijsNK2JCYJlhinWGEG0rAq+rMScaZ8zA==",
      "requires": {
        "@react-md/theme": "^2.8.4",
        "@react-md/transition": "^2.8.5",
        "@react-md/utils": "^2.8.4"
      }
    },
    "@react-md/icon": {
      "version": "2.8.4",
      "resolved": "https://registry.npmjs.org/@react-md/icon/-/icon-2.8.4.tgz",
      "integrity": "sha512-WuY+EmucDhwBG5CEIPTngyKmHI8X/j8KEe/iWJxTOQNi74NvXwYrFHXFvVp/GEHyW1RbMggo5AXIhN8cLf1y+A==",
      "requires": {
        "@react-md/theme": "^2.8.4",
        "@react-md/typography": "^2.8.4",
        "@react-md/utils": "^2.8.4",
        "classnames": "^2.3.1",
        "prop-types": ">= 15.6"
      }
    },
    "@react-md/portal": {
      "version": "2.8.3",
      "resolved": "https://registry.npmjs.org/@react-md/portal/-/portal-2.8.3.tgz",
      "integrity": "sha512-tlIorfUgWvrlWwJVWYLd54o1CKkMzwhZ6DyuyVzch401+E0pShP87oV2rXu1JzLlyhykUbtUOZV+h3v+LMYxGg==",
      "requires": {
        "prop-types": ">= 15.6"
      }
    },
    "@react-md/states": {
      "version": "2.8.5",
      "resolved": "https://registry.npmjs.org/@react-md/states/-/states-2.8.5.tgz",
      "integrity": "sha512-MNfmNMRqxJOH8kena6TttoEi6v8IhAqmqvvZfYNgIwHd8VgC6wwEkX+vUCtmBZ/tbS+qax0H9KRdphZyu70j4A==",
      "requires": {
        "@react-md/theme": "^2.8.4",
        "@react-md/transition": "^2.8.5",
        "@react-md/utils": "^2.8.4",
        "classnames": "^2.3.1",
        "prop-types": ">= 15.6",
        "react-transition-group": "^4.4.2"
      }
    },
    "@react-md/theme": {
      "version": "2.8.4",
      "resolved": "https://registry.npmjs.org/@react-md/theme/-/theme-2.8.4.tgz",
      "integrity": "sha512-vZiNTvfl+hTpUxM0j5XQnfEhhWEArtT2xGffPg447dHRGPtJAmOEvJCGwoaE2ApN1XPUijjeZt52eWPGMl8Gyw==",
      "requires": {
        "@react-md/utils": "^2.8.4",
        "prop-types": ">= 15.6"
      }
    },
    "@react-md/transition": {
      "version": "2.8.5",
      "resolved": "https://registry.npmjs.org/@react-md/transition/-/transition-2.8.5.tgz",
      "integrity": "sha512-fk0yBRH2LR9NK8bvZGKyV3hgOQYfp4u5VLptvkhOQrKDL0eJoHrrRcUKzPLhgm2T0ESpVP+N/VJ0Wx5w1BGxzg==",
      "requires": {
        "@react-md/portal": "^2.8.3",
        "@react-md/theme": "^2.8.4",
        "@react-md/utils": "^2.8.4",
        "@types/react-transition-group": "^4.4.1",
        "classnames": "^2.3.1",
        "prop-types": ">= 15.6",
        "react-transition-group": "^4.4.2"
      }
    },
    "@react-md/typography": {
      "version": "2.8.4",
      "resolved": "https://registry.npmjs.org/@react-md/typography/-/typography-2.8.4.tgz",
      "integrity": "sha512-222m1FkgcUWqFXNF6g3F//iVcB5ZoLzKfQ1FpMuXODaXcQltGVobTTJ7DL5z9k7Vn0RK5P8XbDrbfYaj+lWEkA==",
      "requires": {
        "@react-md/theme": "^2.8.4",
        "@react-md/utils": "^2.8.4",
        "classnames": "^2.3.1",
        "prop-types": ">= 15.6"
      }
    },
    "@react-md/utils": {
      "version": "2.8.4",
      "resolved": "https://registry.npmjs.org/@react-md/utils/-/utils-2.8.4.tgz",
      "integrity": "sha512-fRYF8i+kh+wfu/yCy96w+IF7nn/RDQIGhldHpwEsfDgod3kU2TmTcGKrv/PqUg/Coa9EGfL7mtxA/sXKRLhHGQ==",
      "requires": {
        "@juggle/resize-observer": "^3.3.0",
        "classnames": "^2.3.1"
      }
    },
    "@types/prop-types": {
      "version": "15.7.3",
      "resolved": "https://registry.npmjs.org/@types/prop-types/-/prop-types-15.7.3.tgz",
      "integrity": "sha512-KfRL3PuHmqQLOG+2tGpRO26Ctg+Cq1E01D2DMriKEATHgWLfeNDmq9e29Q9WIky0dQ3NPkd1mzYH8Lm936Z9qw=="
    },
    "@types/react": {
      "version": "17.0.13",
      "resolved": "https://registry.npmjs.org/@types/react/-/react-17.0.13.tgz",
      "integrity": "sha512-D/G3PiuqTfE3IMNjLn/DCp6umjVCSvtZTPdtAFy5+Ved6CsdRvivfKeCzw79W4AatShtU4nGqgvOv5Gro534vQ==",
      "requires": {
        "@types/prop-types": "*",
        "@types/scheduler": "*",
        "csstype": "^3.0.2"
      }
    },
    "@types/react-transition-group": {
      "version": "4.4.1",
      "resolved": "https://registry.npmjs.org/@types/react-transition-group/-/react-transition-group-4.4.1.tgz",
      "integrity": "sha512-vIo69qKKcYoJ8wKCJjwSgCTM+z3chw3g18dkrDfVX665tMH7tmbDxEAnPdey4gTlwZz5QuHGzd+hul0OVZDqqQ==",
      "requires": {
        "@types/react": "*"
      }
    },
    "@types/scheduler": {
      "version": "0.16.1",
      "resolved": "https://registry.npmjs.org/@types/scheduler/-/scheduler-0.16.1.tgz",
      "integrity": "sha512-EaCxbanVeyxDRTQBkdLb3Bvl/HK7PBK6UJjsSixB0iHKoWxE5uu2Q/DgtpOhPIojN0Zl1whvOd7PoHs2P0s5eA=="
    },
    "classnames": {
      "version": "2.3.1",
      "resolved": "https://registry.npmjs.org/classnames/-/classnames-2.3.1.tgz",
      "integrity": "sha512-OlQdbZ7gLfGarSqxesMesDa5uz7KFbID8Kpq/SxIoNGDqY8lSYs0D+hhtBXhcdB3rcbXArFr7vlHheLk1voeNA=="
    },
    "csstype": {
      "version": "3.0.8",
      "resolved": "https://registry.npmjs.org/csstype/-/csstype-3.0.8.tgz",
      "integrity": "sha512-jXKhWqXPmlUeoQnF/EhTtTl4C9SnrxSH/jZUih3jmO6lBKr99rP3/+FmrMj4EFpOXzMtXHAZkd3x0E6h6Fgflw=="
    },
    "dom-helpers": {
      "version": "5.2.1",
      "resolved": "https://registry.npmjs.org/dom-helpers/-/dom-helpers-5.2.1.tgz",
      "integrity": "sha512-nRCa7CK3VTrM2NmGkIy4cbK7IZlgBE/PYMn55rrXefr5xXDP0LdtfPnblFDoVdcAfslJ7or6iqAUnx0CCGIWQA==",
      "requires": {
        "@babel/runtime": "^7.8.7",
        "csstype": "^3.0.2"
      }
    },
    "js-tokens": {
      "version": "4.0.0",
      "resolved": "https://registry.npmjs.org/js-tokens/-/js-tokens-4.0.0.tgz",
      "integrity": "sha512-RdJUflcE3cUzKiMqQgsCu06FPu9UdIJO0beYbPhHN4k6apgJtifcoCtT9bcxOpYBtpD2kCM6Sbzg4CausW/PKQ=="
    },
    "loose-envify": {
      "version": "1.4.0",
      "resolved": "https://registry.npmjs.org/loose-envify/-/loose-envify-1.4.0.tgz",
      "integrity": "sha512-lyuxPGr/Wfhrlem2CL/UcnUc1zcqKAImBDzukY7Y5F/yQiNdko6+fRLevlw1HgMySw7f611UIY408EtxRSoK3Q==",
      "requires": {
        "js-tokens": "^3.0.0 || ^4.0.0"
      }
    },
    "object-assign": {
      "version": "4.1.1",
      "resolved": "https://registry.npmjs.org/object-assign/-/object-assign-4.1.1.tgz",
      "integrity": "sha1-IQmtx5ZYh8/AXLvUQsrIv7s2CGM="
    },
    "prop-types": {
      "version": "15.7.2",
      "resolved": "https://registry.npmjs.org/prop-types/-/prop-types-15.7.2.tgz",
      "integrity": "sha512-8QQikdH7//R2vurIJSutZ1smHYTcLpRWEOlHnzcWHmBYrOGUysKwSsrC89BCiFj3CbrfJ/nXFdJepOVrY1GCHQ==",
      "requires": {
        "loose-envify": "^1.4.0",
        "object-assign": "^4.1.1",
        "react-is": "^16.8.1"
      }
    },
    "react-is": {
      "version": "16.13.1",
      "resolved": "https://registry.npmjs.org/react-is/-/react-is-16.13.1.tgz",
      "integrity": "sha512-24e6ynE2H+OKt4kqsOvNd8kBpV65zoxbA4BVsEOB3ARVWQki/DHzaUoC5KuON/BiccDaCCTZBuOcfZs70kR8bQ=="
    },
    "react-transition-group": {
      "version": "4.4.2",
      "resolved": "https://registry.npmjs.org/react-transition-group/-/react-transition-group-4.4.2.tgz",
      "integrity": "sha512-/RNYfRAMlZwDSr6z4zNKV6xu53/e2BuaBbGhbyYIXTrmgu/bGHzmqOs7mJSJBHy9Ud+ApHx3QjrkKSp1pxvlFg==",
      "requires": {
        "@babel/runtime": "^7.5.5",
        "dom-helpers": "^5.0.1",
        "loose-envify": "^1.4.0",
        "prop-types": "^15.6.2"
      }
    },
    "regenerator-runtime": {
      "version": "0.13.7",
      "resolved": "https://registry.npmjs.org/regenerator-runtime/-/regenerator-runtime-0.13.7.tgz",
      "integrity": "sha512-a54FxoJDIr27pgf7IgeQGxmqUNYrcV338lf/6gH456HZ/PhX+5BcwHXG9ajESmwe6WRO0tAzRUrRmNONWgkrew=="
    },
    "tslib": {
      "version": "2.2.0",
      "resolved": "https://registry.npmjs.org/tslib/-/tslib-2.2.0.tgz",
      "integrity": "sha512-gS9GVHRU+RGn5KQM2rllAlR3dU6m7AcpJKdtH8gFvQiC4Otgk98XnmMU+nZenHt/+VhnBPWwgrJsyrdcw6i23w=="
    }
  }
}
