{
  "name": "dependabot-playground",
  "version": "1.0.0",
  "lockfileVersion": 1,
  "requires": true,
  "dependencies": {
    "@juggle/resize-observer": {
      "version": "3.3.1",
      "resolved": "https://registry.npmjs.org/@juggle/resize-observer/-/resize-observer-3.3.1.tgz",
      "integrity": "sha512-zMM9Ds+SawiUkakS7y94Ymqx+S0ORzpG3frZirN3l+UlXUmSUR7hF4wxCVqW+ei94JzV5kt0uXBcoOEAuiydrw=="
    },
    "@material/animation": {
      "version": "13.0.0",
      "resolved": "https://registry.npmjs.org/@material/animation/-/animation-13.0.0.tgz",
      "integrity": "sha512-YR0/u4u56qXDjKYolQ7F+IvlPkaSBhMl/dZv8DK0FbD6PH4ckOPd3bEXNRndXtprsxwknQQP2pttjPImylkl0g==",
      "requires": {
        "tslib": "^2.1.0"
      }
    },
    "@material/base": {
      "version": "13.0.0",
      "resolved": "https://registry.npmjs.org/@material/base/-/base-13.0.0.tgz",
      "integrity": "sha512-vFx0JryRfcvUNX3cZ2u32wUMvxzd+c/YW0LFOXNgqCDWlubHcMm0Y6Wz371LhfQo80/NE69u+/4Joo99yKnVeg==",
      "requires": {
        "tslib": "^2.1.0"
      }
    },
    "@material/button": {
      "version": "13.0.0",
      "resolved": "https://registry.npmjs.org/@material/button/-/button-13.0.0.tgz",
      "integrity": "sha512-lYorht6fcEd4P+dsLVp2BGtaY5cGYNp71LMajuDe71GZX3dZPoKeVvb+Ie1S7vcB+o+WLTeaisMk9/vA4gfi8A==",
      "requires": {
        "@material/density": "^13.0.0",
        "@material/dom": "^13.0.0",
        "@material/elevation": "^13.0.0",
        "@material/feature-targeting": "^13.0.0",
        "@material/ripple": "^13.0.0",
        "@material/rtl": "^13.0.0",
        "@material/shape": "^13.0.0",
        "@material/theme": "^13.0.0",
        "@material/tokens": "^13.0.0",
        "@material/touch-target": "^13.0.0",
        "@material/typography": "^13.0.0",
        "tslib": "^2.1.0"
      },
      "dependencies": {
        "@material/animation": {
          "version": "13.0.0",
          "resolved": "https://registry.npmjs.org/@material/animation/-/animation-13.0.0.tgz",
          "integrity": "sha512-YR0/u4u56qXDjKYolQ7F+IvlPkaSBhMl/dZv8DK0FbD6PH4ckOPd3bEXNRndXtprsxwknQQP2pttjPImylkl0g==",
          "requires": {
            "tslib": "^2.1.0"
          }
        },
        "@material/base": {
          "version": "13.0.0",
          "resolved": "https://registry.npmjs.org/@material/base/-/base-13.0.0.tgz",
          "integrity": "sha512-vFx0JryRfcvUNX3cZ2u32wUMvxzd+c/YW0LFOXNgqCDWlubHcMm0Y6Wz371LhfQo80/NE69u+/4Joo99yKnVeg==",
          "requires": {
            "tslib": "^2.1.0"
          }
        },
        "@material/dom": {
          "version": "13.0.0",
          "resolved": "https://registry.npmjs.org/@material/dom/-/dom-13.0.0.tgz",
          "integrity": "sha512-M9HLAYBZtkTUvf66FL+jAEvUOdhji1HkGA1mV6oyE+HY9gkCkmso+mngvzlLd5+uaAVE9I3WQFhSb9gp0cpXnw==",
          "requires": {
            "@material/feature-targeting": "^13.0.0",
            "tslib": "^2.1.0"
          }
        },
        "@material/feature-targeting": {
          "version": "13.0.0",
          "resolved": "https://registry.npmjs.org/@material/feature-targeting/-/feature-targeting-13.0.0.tgz",
          "integrity": "sha512-QJClfeaA4EMyAxKJy9WR0Nx+/VwSZCkhGLUVBG9NhxqYGfl/LtaeaidrNm32vYEoNZAofN92VD2RwQTRwp/dMQ==",
          "requires": {
            "tslib": "^2.1.0"
          }
        },
        "@material/ripple": {
          "version": "13.0.0",
          "resolved": "https://registry.npmjs.org/@material/ripple/-/ripple-13.0.0.tgz",
          "integrity": "sha512-hx4B40hB2rRfsGwf1jwo2GGlYDq0yUQjcMcMmXfQipPJNpQhy8ylmXKc1DBjmWf7EQ/MgbfCSYwPrYXrbGP31w==",
          "requires": {
            "@material/animation": "^13.0.0",
            "@material/base": "^13.0.0",
            "@material/dom": "^13.0.0",
            "@material/feature-targeting": "^13.0.0",
            "@material/rtl": "^13.0.0",
            "@material/theme": "^13.0.0",
            "tslib": "^2.1.0"
          }
        },
        "@material/theme": {
          "version": "13.0.0",
          "resolved": "https://registry.npmjs.org/@material/theme/-/theme-13.0.0.tgz",
          "integrity": "sha512-KAe1s0MvvfCGAwJliDVTvgAKuD3ESwhl7F7br4Iam4IPdqME2rWl8NPhKHFfaWqTG7PyCgMMngYEYuA8cLNTsA==",
          "requires": {
            "@material/feature-targeting": "^13.0.0",
            "tslib": "^2.1.0"
          }
        }
      }
    },
    "@material/density": {
      "version": "13.0.0",
      "resolved": "https://registry.npmjs.org/@material/density/-/density-13.0.0.tgz",
      "integrity": "sha512-ppJTzOsuhjQam5GvHaq/XZocZNUr+41XQ2sd5nONAmQ0wwzXgqG0FaxtF1EXqK3uZFadz+vAu6enagre9DXhTA==",
      "requires": {
        "tslib": "^2.1.0"
      }
    },
    "@material/dom": {
      "version": "13.0.0",
      "resolved": "https://registry.npmjs.org/@material/dom/-/dom-13.0.0.tgz",
      "integrity": "sha512-M9HLAYBZtkTUvf66FL+jAEvUOdhji1HkGA1mV6oyE+HY9gkCkmso+mngvzlLd5+uaAVE9I3WQFhSb9gp0cpXnw==",
      "requires": {
        "@material/feature-targeting": "^13.0.0",
        "tslib": "^2.1.0"
      }
    },
    "@material/elevation": {
      "version": "13.0.0",
      "resolved": "https://registry.npmjs.org/@material/elevation/-/elevation-13.0.0.tgz",
      "integrity": "sha512-hzdblgamVRbC0UwKafcvUVDvKzMiOSveDiwGgFk+EAg/tZRdwMlQPyf/9I6Lr8Cw/pNGnEOPhmCDOYPOHimr0w==",
      "requires": {
        "@material/animation": "^13.0.0",
        "@material/base": "^13.0.0",
        "@material/feature-targeting": "^13.0.0",
        "@material/rtl": "^13.0.0",
        "@material/theme": "^13.0.0",
        "tslib": "^2.1.0"
      },
      "dependencies": {
        "@material/animation": {
          "version": "13.0.0",
          "resolved": "https://registry.npmjs.org/@material/animation/-/animation-13.0.0.tgz",
          "integrity": "sha512-YR0/u4u56qXDjKYolQ7F+IvlPkaSBhMl/dZv8DK0FbD6PH4ckOPd3bEXNRndXtprsxwknQQP2pttjPImylkl0g==",
          "requires": {
            "tslib": "^2.1.0"
          }
        },
        "@material/base": {
          "version": "13.0.0",
          "resolved": "https://registry.npmjs.org/@material/base/-/base-13.0.0.tgz",
          "integrity": "sha512-vFx0JryRfcvUNX3cZ2u32wUMvxzd+c/YW0LFOXNgqCDWlubHcMm0Y6Wz371LhfQo80/NE69u+/4Joo99yKnVeg==",
          "requires": {
            "tslib": "^2.1.0"
          }
        },
        "@material/feature-targeting": {
          "version": "13.0.0",
          "resolved": "https://registry.npmjs.org/@material/feature-targeting/-/feature-targeting-13.0.0.tgz",
          "integrity": "sha512-QJClfeaA4EMyAxKJy9WR0Nx+/VwSZCkhGLUVBG9NhxqYGfl/LtaeaidrNm32vYEoNZAofN92VD2RwQTRwp/dMQ==",
          "requires": {
            "tslib": "^2.1.0"
          }
        },
        "@material/theme": {
          "version": "13.0.0",
          "resolved": "https://registry.npmjs.org/@material/theme/-/theme-13.0.0.tgz",
          "integrity": "sha512-KAe1s0MvvfCGAwJliDVTvgAKuD3ESwhl7F7br4Iam4IPdqME2rWl8NPhKHFfaWqTG7PyCgMMngYEYuA8cLNTsA==",
          "requires": {
            "@material/feature-targeting": "^13.0.0",
            "tslib": "^2.1.0"
          }
        }
      }
    },
    "@material/feature-targeting": {
      "version": "13.0.0",
      "resolved": "https://registry.npmjs.org/@material/feature-targeting/-/feature-targeting-13.0.0.tgz",
      "integrity": "sha512-QJClfeaA4EMyAxKJy9WR0Nx+/VwSZCkhGLUVBG9NhxqYGfl/LtaeaidrNm32vYEoNZAofN92VD2RwQTRwp/dMQ==",
      "requires": {
        "tslib": "^2.1.0"
      }
    },
    "@material/ripple": {
      "version": "13.0.0",
      "resolved": "https://registry.npmjs.org/@material/ripple/-/ripple-13.0.0.tgz",
      "integrity": "sha512-hx4B40hB2rRfsGwf1jwo2GGlYDq0yUQjcMcMmXfQipPJNpQhy8ylmXKc1DBjmWf7EQ/MgbfCSYwPrYXrbGP31w==",
      "requires": {
        "@material/animation": "^13.0.0",
        "@material/base": "^13.0.0",
        "@material/dom": "^13.0.0",
        "@material/feature-targeting": "^13.0.0",
        "@material/rtl": "^13.0.0",
        "@material/theme": "^13.0.0",
        "tslib": "^2.1.0"
      }
    },
    "@material/rtl": {
      "version": "13.0.0",
      "resolved": "https://registry.npmjs.org/@material/rtl/-/rtl-13.0.0.tgz",
      "integrity": "sha512-nFGy3iQg7k+xLs67eb86mRFVLwa0yi7MusqRK4OM8DXcLO5yoVfUTPKpdSykcbRryp9imVHsxutox2tZawR4og==",
      "requires": {
        "@material/theme": "^13.0.0",
        "tslib": "^2.1.0"
      },
      "dependencies": {
        "@material/feature-targeting": {
          "version": "13.0.0",
          "resolved": "https://registry.npmjs.org/@material/feature-targeting/-/feature-targeting-13.0.0.tgz",
          "integrity": "sha512-QJClfeaA4EMyAxKJy9WR0Nx+/VwSZCkhGLUVBG9NhxqYGfl/LtaeaidrNm32vYEoNZAofN92VD2RwQTRwp/dMQ==",
          "requires": {
            "tslib": "^2.1.0"
          }
        },
        "@material/theme": {
          "version": "13.0.0",
          "resolved": "https://registry.npmjs.org/@material/theme/-/theme-13.0.0.tgz",
          "integrity": "sha512-KAe1s0MvvfCGAwJliDVTvgAKuD3ESwhl7F7br4Iam4IPdqME2rWl8NPhKHFfaWqTG7PyCgMMngYEYuA8cLNTsA==",
          "requires": {
            "@material/feature-targeting": "^13.0.0",
            "tslib": "^2.1.0"
          }
        }
      }
    },
    "@material/shape": {
      "version": "13.0.0",
      "resolved": "https://registry.npmjs.org/@material/shape/-/shape-13.0.0.tgz",
      "integrity": "sha512-exk96+iCjzCujk3aSrvIMhmW773s1Tc0h+MbQKbt6Iv3nHJCyLSiRbxclCHXWHrVwG/9KZRkrt/g2qk7P3VRBg==",
      "requires": {
        "@material/feature-targeting": "^13.0.0",
        "@material/rtl": "^13.0.0",
        "@material/theme": "^13.0.0",
        "tslib": "^2.1.0"
      },
      "dependencies": {
        "@material/feature-targeting": {
          "version": "13.0.0",
          "resolved": "https://registry.npmjs.org/@material/feature-targeting/-/feature-targeting-13.0.0.tgz",
          "integrity": "sha512-QJClfeaA4EMyAxKJy9WR0Nx+/VwSZCkhGLUVBG9NhxqYGfl/LtaeaidrNm32vYEoNZAofN92VD2RwQTRwp/dMQ==",
          "requires": {
            "tslib": "^2.1.0"
          }
        },
        "@material/theme": {
          "version": "13.0.0",
          "resolved": "https://registry.npmjs.org/@material/theme/-/theme-13.0.0.tgz",
          "integrity": "sha512-KAe1s0MvvfCGAwJliDVTvgAKuD3ESwhl7F7br4Iam4IPdqME2rWl8NPhKHFfaWqTG7PyCgMMngYEYuA8cLNTsA==",
          "requires": {
            "@material/feature-targeting": "^13.0.0",
            "tslib": "^2.1.0"
          }
        }
      }
    },
    "@material/theme": {
      "version": "13.0.0",
      "resolved": "https://registry.npmjs.org/@material/theme/-/theme-13.0.0.tgz",
      "integrity": "sha512-KAe1s0MvvfCGAwJliDVTvgAKuD3ESwhl7F7br4Iam4IPdqME2rWl8NPhKHFfaWqTG7PyCgMMngYEYuA8cLNTsA==",
      "requires": {
        "@material/feature-targeting": "^13.0.0",
        "tslib": "^2.1.0"
      }
    },
    "@material/tokens": {
      "version": "13.0.0",
      "resolved": "https://registry.npmjs.org/@material/tokens/-/tokens-13.0.0.tgz",
      "integrity": "sha512-t55CKVeAjABdSQCKjsvYvqrA6Z4f5varLpLloai8ZQU0giSl7qbUczV1i8y2pSOzpRTswD5JKM7a19qfsl/TCA==",
      "requires": {
        "@material/elevation": "^13.0.0"
      }
    },
    "@material/touch-target": {
      "version": "13.0.0",
      "resolved": "https://registry.npmjs.org/@material/touch-target/-/touch-target-13.0.0.tgz",
      "integrity": "sha512-2BMjj+nwKIYG7cZZGcNuRSKo53knqDu9ksv9wLidxjLgzqXBd1v9gdXsqMRQXepoOqftWGmYMaRYI0xMnxt6lA==",
      "requires": {
        "@material/base": "^13.0.0",
        "@material/feature-targeting": "^13.0.0",
        "@material/rtl": "^13.0.0",
        "tslib": "^2.1.0"
      },
      "dependencies": {
        "@material/base": {
          "version": "13.0.0",
          "resolved": "https://registry.npmjs.org/@material/base/-/base-13.0.0.tgz",
          "integrity": "sha512-vFx0JryRfcvUNX3cZ2u32wUMvxzd+c/YW0LFOXNgqCDWlubHcMm0Y6Wz371LhfQo80/NE69u+/4Joo99yKnVeg==",
          "requires": {
            "tslib": "^2.1.0"
          }
        },
        "@material/feature-targeting": {
          "version": "13.0.0",
          "resolved": "https://registry.npmjs.org/@material/feature-targeting/-/feature-targeting-13.0.0.tgz",
          "integrity": "sha512-QJClfeaA4EMyAxKJy9WR0Nx+/VwSZCkhGLUVBG9NhxqYGfl/LtaeaidrNm32vYEoNZAofN92VD2RwQTRwp/dMQ==",
          "requires": {
            "tslib": "^2.1.0"
          }
        }
      }
    },
    "@material/typography": {
      "version": "13.0.0",
      "resolved": "https://registry.npmjs.org/@material/typography/-/typography-13.0.0.tgz",
      "integrity": "sha512-UfaK4vT3LmGiiySf2RVIrf7fJZa6EJadFwo4YUMJx9bvUMRlBm1oI8Vo9fYpKdLfuSTeA+2BlgbwYVObj3laFw==",
      "requires": {
        "@material/feature-targeting": "^13.0.0",
        "@material/theme": "^13.0.0",
        "tslib": "^2.1.0"
      },
      "dependencies": {
        "@material/feature-targeting": {
          "version": "13.0.0",
          "resolved": "https://registry.npmjs.org/@material/feature-targeting/-/feature-targeting-13.0.0.tgz",
          "integrity": "sha512-QJClfeaA4EMyAxKJy9WR0Nx+/VwSZCkhGLUVBG9NhxqYGfl/LtaeaidrNm32vYEoNZAofN92VD2RwQTRwp/dMQ==",
          "requires": {
            "tslib": "^2.1.0"
          }
        },
        "@material/theme": {
          "version": "13.0.0",
          "resolved": "https://registry.npmjs.org/@material/theme/-/theme-13.0.0.tgz",
          "integrity": "sha512-KAe1s0MvvfCGAwJliDVTvgAKuD3ESwhl7F7br4Iam4IPdqME2rWl8NPhKHFfaWqTG7PyCgMMngYEYuA8cLNTsA==",
          "requires": {
            "@material/feature-targeting": "^13.0.0",
            "tslib": "^2.1.0"
          }
        }
      }
    },
    "@react-md/button": {
      "version": "5.0.0",
      "resolved": "https://registry.npmjs.org/@react-md/button/-/button-5.0.0.tgz",
      "integrity": "sha512-CNa6eSoCTQY5RyDEn61iDzCnxYatlbgGkikDxdE+qnZiiMShIqKkLQmiXT6j++ECa5vdxLSKr/VPMUT6JkmQPg==",
      "requires": {
        "@react-md/elevation": "^5.0.0",
        "@react-md/icon": "^5.0.0",
        "@react-md/states": "^5.0.0",
        "@react-md/theme": "^5.0.0",
        "@react-md/transition": "^5.0.0",
        "@react-md/typography": "^5.0.0",
        "@react-md/utils": "^5.0.0",
        "classnames": "^2.3.1"
      }
    },
    "@react-md/elevation": {
      "version": "5.0.0",
      "resolved": "https://registry.npmjs.org/@react-md/elevation/-/elevation-5.0.0.tgz",
      "integrity": "sha512-/yTytZTvY9la7lALQNJUFwaaFlD9YrdK17xU9/F0U7PrNSJnZTv0ZaGGB57lHq8qn4GWGDhrnv4ggrI0iWjF3g==",
      "requires": {
        "@react-md/theme": "^5.0.0",
        "@react-md/transition": "^5.0.0",
        "@react-md/utils": "^5.0.0"
      }
    },
    "@react-md/icon": {
      "version": "5.0.0",
      "resolved": "https://registry.npmjs.org/@react-md/icon/-/icon-5.0.0.tgz",
      "integrity": "sha512-V9urXf8AIR7DbHivN4aMRmVwJEH1Jzgxv0uSCwLh29gz46qa24H2B3hvoXuanqZ0oS96mtiVJKRx1dDb1opovQ==",
      "requires": {
        "@react-md/theme": "^5.0.0",
        "@react-md/typography": "^5.0.0",
        "@react-md/utils": "^5.0.0",
        "classnames": "^2.3.1"
      }
    },
    "@react-md/portal": {
      "version": "5.0.0",
      "resolved": "https://registry.npmjs.org/@react-md/portal/-/portal-5.0.0.tgz",
      "integrity": "sha512-yjWZW4Yo93TlRqA6vh9wa7jVKnnq4MO8oDhElCoKvCMcktgGS9ZsvjfnJPiZ1i2EcFdlASHekT8uF3gi6ACQdg=="
    },
    "@react-md/states": {
      "version": "5.0.0",
      "resolved": "https://registry.npmjs.org/@react-md/states/-/states-5.0.0.tgz",
      "integrity": "sha512-MIIPLFk58BW0IouZeGRd7iL9reB5pu4WnT00skSJRdIRMWq0+8yoj4ZOU3El1l7zTncRe1SAnqFUzX2MMHSM+Q==",
      "requires": {
        "@react-md/theme": "^5.0.0",
        "@react-md/transition": "^5.0.0",
        "@react-md/utils": "^5.0.0",
        "classnames": "^2.3.1"
      }
    },
    "@react-md/theme": {
      "version": "5.0.0",
      "resolved": "https://registry.npmjs.org/@react-md/theme/-/theme-5.0.0.tgz",
      "integrity": "sha512-OXkCwp/DNGTxyMAfMxdIRWZ488pww+JTbKn1lr+NECKCXuBHrkIqcQbwE4Hd7iQwdHJcW68igoRCUWhDFH7yqA==",
      "requires": {
        "@react-md/utils": "^5.0.0"
      }
    },
    "@react-md/transition": {
      "version": "5.0.0",
      "resolved": "https://registry.npmjs.org/@react-md/transition/-/transition-5.0.0.tgz",
      "integrity": "sha512-38mTWZZaMUY2WG5jV61AItx69/vntBlfm9Bh3IL+Iv4Kg3WhOYlTrRvcNp1BevgQNbm4kFMIJprJ//62vL4mFQ==",
      "requires": {
        "@react-md/portal": "^5.0.0",
        "@react-md/theme": "^5.0.0",
        "@react-md/utils": "^5.0.0",
        "classnames": "^2.3.1"
      }
    },
    "@react-md/typography": {
      "version": "5.0.0",
      "resolved": "https://registry.npmjs.org/@react-md/typography/-/typography-5.0.0.tgz",
      "integrity": "sha512-mDBk9HPhB6DhNESUZkDopJgQk3RtGzgOYb9uTN/pO5wkR1ATLOYE9KDvIWnuKsgFlzwJZ+XYzS6Uqn75EJjXqA==",
      "requires": {
        "@react-md/theme": "^5.0.0",
        "@react-md/utils": "^5.0.0",
        "classnames": "^2.3.1"
      }
    },
    "@react-md/utils": {
      "version": "5.0.0",
      "resolved": "https://registry.npmjs.org/@react-md/utils/-/utils-5.0.0.tgz",
      "integrity": "sha512-LzfiZslJUecRKFbIlrJuJci/cBJxqtMcrgjmybnd+Pkfiq/wvxW2x4CUZZ9Z3j7U3GOc+ug+w/HW5DEJLzIeQA==",
      "requires": {
        "@juggle/resize-observer": "^3.3.0",
        "classnames": "^2.3.1"
      }
    },
    "classnames": {
      "version": "2.3.1",
      "resolved": "https://registry.npmjs.org/classnames/-/classnames-2.3.1.tgz",
      "integrity": "sha512-OlQdbZ7gLfGarSqxesMesDa5uz7KFbID8Kpq/SxIoNGDqY8lSYs0D+hhtBXhcdB3rcbXArFr7vlHheLk1voeNA=="
    },
    "tslib": {
      "version": "2.2.0",
      "resolved": "https://registry.npmjs.org/tslib/-/tslib-2.2.0.tgz",
      "integrity": "sha512-gS9GVHRU+RGn5KQM2rllAlR3dU6m7AcpJKdtH8gFvQiC4Otgk98XnmMU+nZenHt/+VhnBPWwgrJsyrdcw6i23w=="
    }
  }
}
