{
  "name": "dependabot-playground",
  "version": "1.0.0",
  "lockfileVersion": 1,
  "requires": true,
  "dependencies": {
    "@babel/runtime": {
      "version": "7.14.6",
      "resolved": "https://registry.npmjs.org/@babel/runtime/-/runtime-7.14.6.tgz",
      "integrity": "sha512-/PCB2uJ7oM44tz8YhC4Z/6PeOKXp4K588f+5M3clr1M4zbqztlo0XEfJ2LEzj/FgwfgGcIdl8n7YYjTCI0BYwg==",
      "requires": {
        "regenerator-runtime": "^0.13.4"
      }
    },
    "@juggle/resize-observer": {
      "version": "3.3.1",
      "resolved": "https://registry.npmjs.org/@juggle/resize-observer/-/resize-observer-3.3.1.tgz",
      "integrity": "sha512-zMM9Ds+SawiUkakS7y94Ymqx+S0ORzpG3frZirN3l+UlXUmSUR7hF4wxCVqW+ei94JzV5kt0uXBcoOEAuiydrw=="
    },
    "@material/animation": {
      "version": "11.0.0",
      "resolved": "https://registry.npmjs.org/@material/animation/-/animation-11.0.0.tgz",
      "integrity": "sha512-pAJRl0ySvfOzqyGUme27tPf1LbqrjSTK4g5kngpXOPAIQdYYx89QLAfcqHONSpvXO7/WP+Kc9zJ3WWxbUaG8Wg==",
      "requires": {
        "tslib": "^2.1.0"
      }
    },
    "@material/base": {
      "version": "11.0.0",
      "resolved": "https://registry.npmjs.org/@material/base/-/base-11.0.0.tgz",
      "integrity": "sha512-GTybYdiWBoEyYQ3he8cEeuXe5mPq2peFX41rBsMrs516TGDxrVJrEAKNedydhtpfRBsZRreTXMLZtbGrZzfIFQ==",
      "requires": {
        "tslib": "^2.1.0"
      }
    },
    "@material/button": {
      "version": "11.0.0",
      "resolved": "https://registry.npmjs.org/@material/button/-/button-11.0.0.tgz",
      "integrity": "sha512-KqqxEcsj8jBkV1yNEiPoHiB1AJBa/1OGm7H+hF+C3RUTIrRLew8IuRL1ZY38ukdHvhno1/qmVMKOs6ui0mxjlg==",
      "requires": {
        "@material/density": "^11.0.0",
        "@material/dom": "^11.0.0",
        "@material/elevation": "^11.0.0",
        "@material/feature-targeting": "^11.0.0",
        "@material/ripple": "^11.0.0",
        "@material/rtl": "^11.0.0",
        "@material/shape": "^11.0.0",
        "@material/theme": "^11.0.0",
        "@material/touch-target": "^11.0.0",
        "@material/typography": "^11.0.0",
        "tslib": "^2.1.0"
      },
      "dependencies": {
        "@material/animation": {
          "version": "11.0.0",
          "resolved": "https://registry.npmjs.org/@material/animation/-/animation-11.0.0.tgz",
          "integrity": "sha512-pAJRl0ySvfOzqyGUme27tPf1LbqrjSTK4g5kngpXOPAIQdYYx89QLAfcqHONSpvXO7/WP+Kc9zJ3WWxbUaG8Wg==",
          "requires": {
            "tslib": "^2.1.0"
          }
        },
        "@material/base": {
          "version": "11.0.0",
          "resolved": "https://registry.npmjs.org/@material/base/-/base-11.0.0.tgz",
          "integrity": "sha512-GTybYdiWBoEyYQ3he8cEeuXe5mPq2peFX41rBsMrs516TGDxrVJrEAKNedydhtpfRBsZRreTXMLZtbGrZzfIFQ==",
          "requires": {
            "tslib": "^2.1.0"
          }
        },
        "@material/dom": {
          "version": "11.0.0",
          "resolved": "https://registry.npmjs.org/@material/dom/-/dom-11.0.0.tgz",
          "integrity": "sha512-LZdg6VmYnMXc/Ct/GdQ22o4m3UgjhZYQIrwu9Iebqchx0Vd2OTmcFN5nArHSCSgUEhpjpPlkbZmjOpeOAwiKZg==",
          "requires": {
            "@material/feature-targeting": "^11.0.0",
            "tslib": "^2.1.0"
          }
        },
        "@material/feature-targeting": {
          "version": "11.0.0",
          "resolved": "https://registry.npmjs.org/@material/feature-targeting/-/feature-targeting-11.0.0.tgz",
          "integrity": "sha512-7/jdaHm7C16Eq02tDQ1iI+giWKgk+QRNWFrmGKzHfXbU604XwY/eSLSiVS8QI01vx9QZ0aO9K84m0yhQQNQQtg==",
          "requires": {
            "tslib": "^2.1.0"
          }
        },
        "@material/ripple": {
          "version": "11.0.0",
          "resolved": "https://registry.npmjs.org/@material/ripple/-/ripple-11.0.0.tgz",
          "integrity": "sha512-672zAsYaL8aS861VgfEPL4sFMkFe0psiSc+4DfUTq7Nanl4e1gcarzzHZAn5IExUNk3/5QybDiXV+dbaL/0NjQ==",
          "requires": {
            "@material/animation": "^11.0.0",
            "@material/base": "^11.0.0",
            "@material/dom": "^11.0.0",
            "@material/feature-targeting": "^11.0.0",
            "@material/theme": "^11.0.0",
            "tslib": "^2.1.0"
          }
        },
        "@material/theme": {
          "version": "11.0.0",
          "resolved": "https://registry.npmjs.org/@material/theme/-/theme-11.0.0.tgz",
          "integrity": "sha512-GnQI8sd2wHFD3AvmhpyRaH5o9D5Shobs1xDH4FdRU9+c+FNNqouZMDzyM6UpCX4700DzqvE7l0/1LjzB7ve7Lg==",
          "requires": {
            "@material/feature-targeting": "^11.0.0",
            "tslib": "^2.1.0"
          }
        },
        "tslib": {
          "version": "2.2.0",
          "resolved": "https://registry.npmjs.org/tslib/-/tslib-2.2.0.tgz",
          "integrity": "sha512-gS9GVHRU+RGn5KQM2rllAlR3dU6m7AcpJKdtH8gFvQiC4Otgk98XnmMU+nZenHt/+VhnBPWwgrJsyrdcw6i23w=="
        }
      }
    },
    "@material/density": {
      "version": "11.0.0",
      "resolved": "https://registry.npmjs.org/@material/density/-/density-11.0.0.tgz",
      "integrity": "sha512-FuSx0UukH7p9cIAxEg78zwL5iYuoa/YovyHuuEEudyhWsRH+u0KBSQlYWr+ykg//qZF6urlDrVmu7WAKi1SiCw==",
      "requires": {
        "tslib": "^2.1.0"
      },
      "dependencies": {
        "tslib": {
          "version": "2.2.0",
          "resolved": "https://registry.npmjs.org/tslib/-/tslib-2.2.0.tgz",
          "integrity": "sha512-gS9GVHRU+RGn5KQM2rllAlR3dU6m7AcpJKdtH8gFvQiC4Otgk98XnmMU+nZenHt/+VhnBPWwgrJsyrdcw6i23w=="
        }
      }
    },
    "@material/dom": {
      "version": "11.0.0",
      "resolved": "https://registry.npmjs.org/@material/dom/-/dom-11.0.0.tgz",
      "integrity": "sha512-LZdg6VmYnMXc/Ct/GdQ22o4m3UgjhZYQIrwu9Iebqchx0Vd2OTmcFN5nArHSCSgUEhpjpPlkbZmjOpeOAwiKZg==",
      "requires": {
        "@material/feature-targeting": "^11.0.0",
        "tslib": "^2.1.0"
      }
    },
    "@material/elevation": {
      "version": "11.0.0",
      "resolved": "https://registry.npmjs.org/@material/elevation/-/elevation-11.0.0.tgz",
      "integrity": "sha512-mgrUSBAdXJ1+VS/SWnu/gr9/nq7P1q5X3aDmoom2EPKauEeKhuAHjABI5duxHOrliZM3mK9VLO56D/tszb7spw==",
      "requires": {
        "@material/animation": "^11.0.0",
        "@material/base": "^11.0.0",
        "@material/feature-targeting": "^11.0.0",
        "@material/theme": "^11.0.0",
        "tslib": "^2.1.0"
      },
      "dependencies": {
        "@material/animation": {
          "version": "11.0.0",
          "resolved": "https://registry.npmjs.org/@material/animation/-/animation-11.0.0.tgz",
          "integrity": "sha512-pAJRl0ySvfOzqyGUme27tPf1LbqrjSTK4g5kngpXOPAIQdYYx89QLAfcqHONSpvXO7/WP+Kc9zJ3WWxbUaG8Wg==",
          "requires": {
            "tslib": "^2.1.0"
          }
        },
        "@material/base": {
          "version": "11.0.0",
          "resolved": "https://registry.npmjs.org/@material/base/-/base-11.0.0.tgz",
          "integrity": "sha512-GTybYdiWBoEyYQ3he8cEeuXe5mPq2peFX41rBsMrs516TGDxrVJrEAKNedydhtpfRBsZRreTXMLZtbGrZzfIFQ==",
          "requires": {
            "tslib": "^2.1.0"
          }
        },
        "@material/feature-targeting": {
          "version": "11.0.0",
          "resolved": "https://registry.npmjs.org/@material/feature-targeting/-/feature-targeting-11.0.0.tgz",
          "integrity": "sha512-7/jdaHm7C16Eq02tDQ1iI+giWKgk+QRNWFrmGKzHfXbU604XwY/eSLSiVS8QI01vx9QZ0aO9K84m0yhQQNQQtg==",
          "requires": {
            "tslib": "^2.1.0"
          }
        },
        "@material/theme": {
          "version": "11.0.0",
          "resolved": "https://registry.npmjs.org/@material/theme/-/theme-11.0.0.tgz",
          "integrity": "sha512-GnQI8sd2wHFD3AvmhpyRaH5o9D5Shobs1xDH4FdRU9+c+FNNqouZMDzyM6UpCX4700DzqvE7l0/1LjzB7ve7Lg==",
          "requires": {
            "@material/feature-targeting": "^11.0.0",
            "tslib": "^2.1.0"
          }
        },
        "tslib": {
          "version": "2.2.0",
          "resolved": "https://registry.npmjs.org/tslib/-/tslib-2.2.0.tgz",
          "integrity": "sha512-gS9GVHRU+RGn5KQM2rllAlR3dU6m7AcpJKdtH8gFvQiC4Otgk98XnmMU+nZenHt/+VhnBPWwgrJsyrdcw6i23w=="
        }
      }
    },
    "@material/feature-targeting": {
      "version": "11.0.0",
      "resolved": "https://registry.npmjs.org/@material/feature-targeting/-/feature-targeting-11.0.0.tgz",
      "integrity": "sha512-7/jdaHm7C16Eq02tDQ1iI+giWKgk+QRNWFrmGKzHfXbU604XwY/eSLSiVS8QI01vx9QZ0aO9K84m0yhQQNQQtg==",
      "requires": {
        "tslib": "^2.1.0"
      }
    },
    "@material/ripple": {
      "version": "11.0.0",
      "resolved": "https://registry.npmjs.org/@material/ripple/-/ripple-11.0.0.tgz",
      "integrity": "sha512-672zAsYaL8aS861VgfEPL4sFMkFe0psiSc+4DfUTq7Nanl4e1gcarzzHZAn5IExUNk3/5QybDiXV+dbaL/0NjQ==",
      "requires": {
        "@material/animation": "^11.0.0",
        "@material/base": "^11.0.0",
        "@material/dom": "^11.0.0",
        "@material/feature-targeting": "^11.0.0",
        "@material/theme": "^11.0.0",
        "tslib": "^2.1.0"
      }
    },
    "@material/rtl": {
      "version": "11.0.0",
      "resolved": "https://registry.npmjs.org/@material/rtl/-/rtl-11.0.0.tgz",
      "integrity": "sha512-FcS8+N9MhnC0Wdd34O2yCC/5ylIwkfHjV5pbmHyEtb4YXoWngnPIxgpOr5PsUv95WSQBmeqWCRJDwS+sGZHoKQ==",
      "requires": {
        "@material/theme": "^11.0.0",
        "tslib": "^2.1.0"
      },
      "dependencies": {
        "@material/feature-targeting": {
          "version": "11.0.0",
          "resolved": "https://registry.npmjs.org/@material/feature-targeting/-/feature-targeting-11.0.0.tgz",
          "integrity": "sha512-7/jdaHm7C16Eq02tDQ1iI+giWKgk+QRNWFrmGKzHfXbU604XwY/eSLSiVS8QI01vx9QZ0aO9K84m0yhQQNQQtg==",
          "requires": {
            "tslib": "^2.1.0"
          }
        },
        "@material/theme": {
          "version": "11.0.0",
          "resolved": "https://registry.npmjs.org/@material/theme/-/theme-11.0.0.tgz",
          "integrity": "sha512-GnQI8sd2wHFD3AvmhpyRaH5o9D5Shobs1xDH4FdRU9+c+FNNqouZMDzyM6UpCX4700DzqvE7l0/1LjzB7ve7Lg==",
          "requires": {
            "@material/feature-targeting": "^11.0.0",
            "tslib": "^2.1.0"
          }
        },
        "tslib": {
          "version": "2.2.0",
          "resolved": "https://registry.npmjs.org/tslib/-/tslib-2.2.0.tgz",
          "integrity": "sha512-gS9GVHRU+RGn5KQM2rllAlR3dU6m7AcpJKdtH8gFvQiC4Otgk98XnmMU+nZenHt/+VhnBPWwgrJsyrdcw6i23w=="
        }
      }
    },
    "@material/shape": {
      "version": "11.0.0",
      "resolved": "https://registry.npmjs.org/@material/shape/-/shape-11.0.0.tgz",
      "integrity": "sha512-O9/Dt/9Nbum1IvxRd4u8gCF4ghk9E55UNp2TGe+RN43zpTUbChh2raOFr3sQeRwLIzlb4wstUG9AxmdktrkDUQ==",
      "requires": {
        "@material/feature-targeting": "^11.0.0",
        "@material/rtl": "^11.0.0",
        "@material/theme": "^11.0.0",
        "tslib": "^2.1.0"
      },
      "dependencies": {
        "@material/feature-targeting": {
          "version": "11.0.0",
          "resolved": "https://registry.npmjs.org/@material/feature-targeting/-/feature-targeting-11.0.0.tgz",
          "integrity": "sha512-7/jdaHm7C16Eq02tDQ1iI+giWKgk+QRNWFrmGKzHfXbU604XwY/eSLSiVS8QI01vx9QZ0aO9K84m0yhQQNQQtg==",
          "requires": {
            "tslib": "^2.1.0"
          }
        },
        "@material/theme": {
          "version": "11.0.0",
          "resolved": "https://registry.npmjs.org/@material/theme/-/theme-11.0.0.tgz",
          "integrity": "sha512-GnQI8sd2wHFD3AvmhpyRaH5o9D5Shobs1xDH4FdRU9+c+FNNqouZMDzyM6UpCX4700DzqvE7l0/1LjzB7ve7Lg==",
          "requires": {
            "@material/feature-targeting": "^11.0.0",
            "tslib": "^2.1.0"
          }
        },
        "tslib": {
          "version": "2.2.0",
          "resolved": "https://registry.npmjs.org/tslib/-/tslib-2.2.0.tgz",
          "integrity": "sha512-gS9GVHRU+RGn5KQM2rllAlR3dU6m7AcpJKdtH8gFvQiC4Otgk98XnmMU+nZenHt/+VhnBPWwgrJsyrdcw6i23w=="
        }
      }
    },
    "@material/theme": {
      "version": "11.0.0",
      "resolved": "https://registry.npmjs.org/@material/theme/-/theme-11.0.0.tgz",
      "integrity": "sha512-GnQI8sd2wHFD3AvmhpyRaH5o9D5Shobs1xDH4FdRU9+c+FNNqouZMDzyM6UpCX4700DzqvE7l0/1LjzB7ve7Lg==",
      "requires": {
        "@material/feature-targeting": "^11.0.0",
        "tslib": "^2.1.0"
      }
    },
    "@material/touch-target": {
      "version": "11.0.0",
      "resolved": "https://registry.npmjs.org/@material/touch-target/-/touch-target-11.0.0.tgz",
      "integrity": "sha512-S1XPYj3Bnkw26nFdYRZ0BHcNLfizF8HBeX9+OR7KuJUKaFB6CN01CtyEmDU3XNI0n140KjMtJnsZykWZommolQ==",
      "requires": {
        "@material/base": "^11.0.0",
        "@material/feature-targeting": "^11.0.0",
        "tslib": "^2.1.0"
      },
      "dependencies": {
        "@material/base": {
          "version": "11.0.0",
          "resolved": "https://registry.npmjs.org/@material/base/-/base-11.0.0.tgz",
          "integrity": "sha512-GTybYdiWBoEyYQ3he8cEeuXe5mPq2peFX41rBsMrs516TGDxrVJrEAKNedydhtpfRBsZRreTXMLZtbGrZzfIFQ==",
          "requires": {
            "tslib": "^2.1.0"
          }
        },
        "@material/feature-targeting": {
          "version": "11.0.0",
          "resolved": "https://registry.npmjs.org/@material/feature-targeting/-/feature-targeting-11.0.0.tgz",
          "integrity": "sha512-7/jdaHm7C16Eq02tDQ1iI+giWKgk+QRNWFrmGKzHfXbU604XwY/eSLSiVS8QI01vx9QZ0aO9K84m0yhQQNQQtg==",
          "requires": {
            "tslib": "^2.1.0"
          }
        },
        "tslib": {
          "version": "2.2.0",
          "resolved": "https://registry.npmjs.org/tslib/-/tslib-2.2.0.tgz",
          "integrity": "sha512-gS9GVHRU+RGn5KQM2rllAlR3dU6m7AcpJKdtH8gFvQiC4Otgk98XnmMU+nZenHt/+VhnBPWwgrJsyrdcw6i23w=="
        }
      }
    },
    "@material/typography": {
      "version": "11.0.0",
      "resolved": "https://registry.npmjs.org/@material/typography/-/typography-11.0.0.tgz",
      "integrity": "sha512-i9IGO/ZsF+YnqC2+PpJapt/8hSXOKFXaqv6B9uUr+iQ8GD4bEFpxm5kChzH918wJpCHvxbTYbnR6buaF9nkjCQ==",
      "requires": {
        "@material/feature-targeting": "^11.0.0",
        "@material/theme": "^11.0.0",
        "tslib": "^2.1.0"
      },
      "dependencies": {
        "@material/feature-targeting": {
          "version": "11.0.0",
          "resolved": "https://registry.npmjs.org/@material/feature-targeting/-/feature-targeting-11.0.0.tgz",
          "integrity": "sha512-7/jdaHm7C16Eq02tDQ1iI+giWKgk+QRNWFrmGKzHfXbU604XwY/eSLSiVS8QI01vx9QZ0aO9K84m0yhQQNQQtg==",
          "requires": {
            "tslib": "^2.1.0"
          }
        },
        "@material/theme": {
          "version": "11.0.0",
          "resolved": "https://registry.npmjs.org/@material/theme/-/theme-11.0.0.tgz",
          "integrity": "sha512-GnQI8sd2wHFD3AvmhpyRaH5o9D5Shobs1xDH4FdRU9+c+FNNqouZMDzyM6UpCX4700DzqvE7l0/1LjzB7ve7Lg==",
          "requires": {
            "@material/feature-targeting": "^11.0.0",
            "tslib": "^2.1.0"
          }
        },
        "tslib": {
          "version": "2.2.0",
          "resolved": "https://registry.npmjs.org/tslib/-/tslib-2.2.0.tgz",
          "integrity": "sha512-gS9GVHRU+RGn5KQM2rllAlR3dU6m7AcpJKdtH8gFvQiC4Otgk98XnmMU+nZenHt/+VhnBPWwgrJsyrdcw6i23w=="
        }
      }
    },
    "@react-md/button": {
      "version": "2.9.0",
      "resolved": "https://registry.npmjs.org/@react-md/button/-/button-2.9.0.tgz",
      "integrity": "sha512-QN38/lINvKSn+PWokbgIC6Bk1WntjXIKa5CNSzDOMYot0Y+VPfRQfIhLShK82PEuu0A1rm0+P8cBSkSWAYbANw==",
      "requires": {
        "@react-md/elevation": "^2.9.0",
        "@react-md/icon": "^2.9.0",
        "@react-md/states": "^2.9.0",
        "@react-md/theme": "^2.9.0",
        "@react-md/transition": "^2.9.0",
        "@react-md/typography": "^2.9.0",
        "@react-md/utils": "^2.9.0",
        "classnames": "^2.3.1",
        "prop-types": ">= 15.6"
      }
    },
    "@react-md/elevation": {
      "version": "2.9.0",
      "resolved": "https://registry.npmjs.org/@react-md/elevation/-/elevation-2.9.0.tgz",
      "integrity": "sha512-qrsLM8cgPN4pJwOCVMgByCRdIYonBsZzc6wnxZ5n2hBSuARkClpLo0xKQ3HcmHYBnnQYkiTJiK+ASm4B/LM3Iw==",
      "requires": {
        "@react-md/theme": "^2.9.0",
        "@react-md/transition": "^2.9.0",
        "@react-md/utils": "^2.9.0"
      }
    },
    "@react-md/icon": {
      "version": "2.9.0",
      "resolved": "https://registry.npmjs.org/@react-md/icon/-/icon-2.9.0.tgz",
      "integrity": "sha512-eyTHiMN8jAT8dzC2aff7dRxag3docrZGy2Sp6YSehQTg61WoIP73pojxEMueync62+AXqw9iwoz8VG8ZJGqEBw==",
      "requires": {
        "@react-md/theme": "^2.9.0",
        "@react-md/typography": "^2.9.0",
        "@react-md/utils": "^2.9.0",
        "classnames": "^2.3.1",
        "prop-types": ">= 15.6"
      }
    },
    "@react-md/portal": {
      "version": "2.8.3",
      "resolved": "https://registry.npmjs.org/@react-md/portal/-/portal-2.8.3.tgz",
      "integrity": "sha512-tlIorfUgWvrlWwJVWYLd54o1CKkMzwhZ6DyuyVzch401+E0pShP87oV2rXu1JzLlyhykUbtUOZV+h3v+LMYxGg==",
      "requires": {
        "prop-types": ">= 15.6"
      }
    },
    "@react-md/states": {
      "version": "2.9.0",
      "resolved": "https://registry.npmjs.org/@react-md/states/-/states-2.9.0.tgz",
      "integrity": "sha512-m9oC/P4qR4YipgTV8WvtNsQ1pe87QLUJwAjAf4lNwd3k2KWCnr1J4HLkc+Hx5f24+Sh353d5aQ7upUTP7sLHrw==",
      "requires": {
        "@react-md/theme": "^2.9.0",
        "@react-md/transition": "^2.9.0",
        "@react-md/utils": "^2.9.0",
        "classnames": "^2.3.1",
        "prop-types": ">= 15.6",
        "react-transition-group": "^4.4.2"
      }
    },
    "@react-md/theme": {
      "version": "2.9.0",
      "resolved": "https://registry.npmjs.org/@react-md/theme/-/theme-2.9.0.tgz",
      "integrity": "sha512-cDyV4UdMiwyLXjE9ARE6xdy09apW123ZTEnq7aKWIQopHNZpjG8cBR4cfJ1al06OHYQJ+TCOCtpSVnCq7vYv/g==",
      "requires": {
        "@react-md/utils": "^2.9.0",
        "prop-types": ">= 15.6"
      }
    },
    "@react-md/transition": {
      "version": "2.9.0",
      "resolved": "https://registry.npmjs.org/@react-md/transition/-/transition-2.9.0.tgz",
      "integrity": "sha512-1TQ4IwfFlv4c8mv1wLdhKjM1J06DXBHW7VD5JTSUkl9XXyMlWHbIgyyf3rqct6EqiLppa/MEiYJBfN0gj6C6kw==",
      "requires": {
        "@react-md/portal": "^2.8.3",
        "@react-md/theme": "^2.9.0",
        "@react-md/utils": "^2.9.0",
        "@types/react-transition-group": "^4.4.2",
        "classnames": "^2.3.1",
        "prop-types": ">= 15.6",
        "react-transition-group": "^4.4.2"
      }
    },
    "@react-md/typography": {
      "version": "2.9.0",
      "resolved": "https://registry.npmjs.org/@react-md/typography/-/typography-2.9.0.tgz",
      "integrity": "sha512-BueoFbVO+k7e/8im40JUr3kpBc4pmYUM1X8Q61XHi1nH9vqrgKWyVKXR/uD0Q5CJWcGkmGFaMwwW3z+Lkb6k/g==",
      "requires": {
        "@react-md/theme": "^2.9.0",
        "@react-md/utils": "^2.9.0",
        "classnames": "^2.3.1",
        "prop-types": ">= 15.6"
      }
    },
    "@react-md/utils": {
      "version": "2.9.0",
      "resolved": "https://registry.npmjs.org/@react-md/utils/-/utils-2.9.0.tgz",
      "integrity": "sha512-v+cSVVgr3BtNWWz9ZjYHfBD+7AJDHeOStetbYsBFICS1ATnMiOIJczUtjzL2wwrM/4YOG8Vo2oZULOu+Azs9bQ==",
      "requires": {
        "@juggle/resize-observer": "^3.3.0",
        "classnames": "^2.3.1"
      }
    },
    "@types/prop-types": {
      "version": "15.7.4",
      "resolved": "https://registry.npmjs.org/@types/prop-types/-/prop-types-15.7.4.tgz",
      "integrity": "sha512-rZ5drC/jWjrArrS8BR6SIr4cWpW09RNTYt9AMZo3Jwwif+iacXAqgVjm0B0Bv/S1jhDXKHqRVNCbACkJ89RAnQ=="
    },
    "@types/react": {
      "version": "17.0.14",
      "resolved": "https://registry.npmjs.org/@types/react/-/react-17.0.14.tgz",
      "integrity": "sha512-0WwKHUbWuQWOce61UexYuWTGuGY/8JvtUe/dtQ6lR4sZ3UiylHotJeWpf3ArP9+DSGUoLY3wbU59VyMrJps5VQ==",
      "requires": {
        "@types/prop-types": "*",
        "@types/scheduler": "*",
        "csstype": "^3.0.2"
      }
    },
    "@types/react-transition-group": {
      "version": "4.4.2",
      "resolved": "https://registry.npmjs.org/@types/react-transition-group/-/react-transition-group-4.4.2.tgz",
      "integrity": "sha512-KibDWL6nshuOJ0fu8ll7QnV/LVTo3PzQ9aCPnRUYPfX7eZohHwLIdNHj7pftanREzHNP4/nJa8oeM73uSiavMQ==",
      "requires": {
        "@types/react": "*"
      }
    },
    "@types/scheduler": {
      "version": "0.16.2",
      "resolved": "https://registry.npmjs.org/@types/scheduler/-/scheduler-0.16.2.tgz",
      "integrity": "sha512-hppQEBDmlwhFAXKJX2KnWLYu5yMfi91yazPb2l+lbJiwW+wdo1gNeRA+3RgNSO39WYX2euey41KEwnqesU2Jew=="
    },
    "classnames": {
      "version": "2.3.1",
      "resolved": "https://registry.npmjs.org/classnames/-/classnames-2.3.1.tgz",
      "integrity": "sha512-OlQdbZ7gLfGarSqxesMesDa5uz7KFbID8Kpq/SxIoNGDqY8lSYs0D+hhtBXhcdB3rcbXArFr7vlHheLk1voeNA=="
    },
    "csstype": {
      "version": "3.0.8",
      "resolved": "https://registry.npmjs.org/csstype/-/csstype-3.0.8.tgz",
      "integrity": "sha512-jXKhWqXPmlUeoQnF/EhTtTl4C9SnrxSH/jZUih3jmO6lBKr99rP3/+FmrMj4EFpOXzMtXHAZkd3x0E6h6Fgflw=="
    },
    "dom-helpers": {
      "version": "5.2.1",
      "resolved": "https://registry.npmjs.org/dom-helpers/-/dom-helpers-5.2.1.tgz",
      "integrity": "sha512-nRCa7CK3VTrM2NmGkIy4cbK7IZlgBE/PYMn55rrXefr5xXDP0LdtfPnblFDoVdcAfslJ7or6iqAUnx0CCGIWQA==",
      "requires": {
        "@babel/runtime": "^7.8.7",
        "csstype": "^3.0.2"
      }
    },
    "js-tokens": {
      "version": "4.0.0",
      "resolved": "https://registry.npmjs.org/js-tokens/-/js-tokens-4.0.0.tgz",
      "integrity": "sha512-RdJUflcE3cUzKiMqQgsCu06FPu9UdIJO0beYbPhHN4k6apgJtifcoCtT9bcxOpYBtpD2kCM6Sbzg4CausW/PKQ=="
    },
    "loose-envify": {
      "version": "1.4.0",
      "resolved": "https://registry.npmjs.org/loose-envify/-/loose-envify-1.4.0.tgz",
      "integrity": "sha512-lyuxPGr/Wfhrlem2CL/UcnUc1zcqKAImBDzukY7Y5F/yQiNdko6+fRLevlw1HgMySw7f611UIY408EtxRSoK3Q==",
      "requires": {
        "js-tokens": "^3.0.0 || ^4.0.0"
      }
    },
    "object-assign": {
      "version": "4.1.1",
      "resolved": "https://registry.npmjs.org/object-assign/-/object-assign-4.1.1.tgz",
      "integrity": "sha1-IQmtx5ZYh8/AXLvUQsrIv7s2CGM="
    },
    "prop-types": {
      "version": "15.7.2",
      "resolved": "https://registry.npmjs.org/prop-types/-/prop-types-15.7.2.tgz",
      "integrity": "sha512-8QQikdH7//R2vurIJSutZ1smHYTcLpRWEOlHnzcWHmBYrOGUysKwSsrC89BCiFj3CbrfJ/nXFdJepOVrY1GCHQ==",
      "requires": {
        "loose-envify": "^1.4.0",
        "object-assign": "^4.1.1",
        "react-is": "^16.8.1"
      }
    },
    "react-is": {
      "version": "16.13.1",
      "resolved": "https://registry.npmjs.org/react-is/-/react-is-16.13.1.tgz",
      "integrity": "sha512-24e6ynE2H+OKt4kqsOvNd8kBpV65zoxbA4BVsEOB3ARVWQki/DHzaUoC5KuON/BiccDaCCTZBuOcfZs70kR8bQ=="
    },
    "react-transition-group": {
      "version": "4.4.2",
      "resolved": "https://registry.npmjs.org/react-transition-group/-/react-transition-group-4.4.2.tgz",
      "integrity": "sha512-/RNYfRAMlZwDSr6z4zNKV6xu53/e2BuaBbGhbyYIXTrmgu/bGHzmqOs7mJSJBHy9Ud+ApHx3QjrkKSp1pxvlFg==",
      "requires": {
        "@babel/runtime": "^7.5.5",
        "dom-helpers": "^5.0.1",
        "loose-envify": "^1.4.0",
        "prop-types": "^15.6.2"
      }
    },
    "regenerator-runtime": {
      "version": "0.13.7",
      "resolved": "https://registry.npmjs.org/regenerator-runtime/-/regenerator-runtime-0.13.7.tgz",
      "integrity": "sha512-a54FxoJDIr27pgf7IgeQGxmqUNYrcV338lf/6gH456HZ/PhX+5BcwHXG9ajESmwe6WRO0tAzRUrRmNONWgkrew=="
    },
    "tslib": {
      "version": "2.2.0",
      "resolved": "https://registry.npmjs.org/tslib/-/tslib-2.2.0.tgz",
      "integrity": "sha512-gS9GVHRU+RGn5KQM2rllAlR3dU6m7AcpJKdtH8gFvQiC4Otgk98XnmMU+nZenHt/+VhnBPWwgrJsyrdcw6i23w=="
    }
  }
}
